
Microsoft Visual Studio Solution File, Format Version 12.00
# Visual Studio Version 17
VisualStudioVersion = 17.7.34024.191
MinimumVisualStudioVersion = 10.0.40219.1
Project("{FAE04EC0-301F-11D3-BF4B-00C04F79EFBC}") = "MemoryGra", "MemoryGra\MemoryGra.csproj", "{FEEC4CE4-68B1-4411-806A-9415473B6026}"
EndProject
Global
	GlobalSection(SolutionConfigurationPlatforms) = preSolution
		Debug|Any CPU = Debug|Any CPU
		Release|Any CPU = Release|Any CPU
	EndGlobalSection
	GlobalSection(ProjectConfigurationPlatforms) = postSolution
		{FEEC4CE4-68B1-4411-806A-9415473B6026}.Debug|Any CPU.ActiveCfg = Debug|Any CPU
		{FEEC4CE4-68B1-4411-806A-9415473B6026}.Debug|Any CPU.Build.0 = Debug|Any CPU
		{FEEC4CE4-68B1-4411-806A-9415473B6026}.Debug|Any CPU.Deploy.0 = Debug|Any CPU
		{FEEC4CE4-68B1-4411-806A-9415473B6026}.Release|Any CPU.ActiveCfg = Release|Any CPU
		{FEEC4CE4-68B1-4411-806A-9415473B6026}.Release|Any CPU.Build.0 = Release|Any CPU
		{FEEC4CE4-68B1-4411-806A-9415473B6026}.Release|Any CPU.Deploy.0 = Release|Any CPU
	EndGlobalSection
	GlobalSection(SolutionProperties) = preSolution
		HideSolutionNode = FALSE
	EndGlobalSection
	GlobalSection(ExtensibilityGlobals) = postSolution
		SolutionGuid = {AA47A869-7D70-4CCE-876C-765FD111392E}
	EndGlobalSection
EndGlobal
